
Microsoft Visual Studio Solution File, Format Version 12.00
# Visual Studio Version 16
VisualStudioVersion = 16.0.31729.503
MinimumVisualStudioVersion = 10.0.40219.1
Project("{FAE04EC0-301F-11D3-BF4B-00C04F79EFBC}") = "Exercicio Herança-Polimorfismo", "Exercicio Herança-Polimorfismo\Exercicio Herança-Polimorfismo.csproj", "{78BAF8C4-29EB-492F-BD5D-00C02AAAAD9D}"
EndProject
Global
	GlobalSection(SolutionConfigurationPlatforms) = preSolution
		Debug|Any CPU = Debug|Any CPU
		Release|Any CPU = Release|Any CPU
	EndGlobalSection
	GlobalSection(ProjectConfigurationPlatforms) = postSolution
		{78BAF8C4-29EB-492F-BD5D-00C02AAAAD9D}.Debug|Any CPU.ActiveCfg = Debug|Any CPU
		{78BAF8C4-29EB-492F-BD5D-00C02AAAAD9D}.Debug|Any CPU.Build.0 = Debug|Any CPU
		{78BAF8C4-29EB-492F-BD5D-00C02AAAAD9D}.Release|Any CPU.ActiveCfg = Release|Any CPU
		{78BAF8C4-29EB-492F-BD5D-00C02AAAAD9D}.Release|Any CPU.Build.0 = Release|Any CPU
	EndGlobalSection
	GlobalSection(SolutionProperties) = preSolution
		HideSolutionNode = FALSE
	EndGlobalSection
	GlobalSection(ExtensibilityGlobals) = postSolution
		SolutionGuid = {A3801B97-D2E9-4F57-A6F8-A768052B4346}
	EndGlobalSection
EndGlobal
